
Microsoft Visual Studio Solution File, Format Version 12.00
# Visual Studio Version 17
VisualStudioVersion = 17.11.35327.3
MinimumVisualStudioVersion = 10.0.40219.1
Project("{FAE04EC0-301F-11D3-BF4B-00C04F79EFBC}") = "MauiAppHotel", "MauiAppHotel\MauiAppHotel.csproj", "{DC8D2396-1ABF-43D4-8B07-D91C874EF077}"
EndProject
Global
	GlobalSection(SolutionConfigurationPlatforms) = preSolution
		Debug|Any CPU = Debug|Any CPU
		Release|Any CPU = Release|Any CPU
	EndGlobalSection
	GlobalSection(ProjectConfigurationPlatforms) = postSolution
		{DC8D2396-1ABF-43D4-8B07-D91C874EF077}.Debug|Any CPU.ActiveCfg = Debug|Any CPU
		{DC8D2396-1ABF-43D4-8B07-D91C874EF077}.Debug|Any CPU.Build.0 = Debug|Any CPU
		{DC8D2396-1ABF-43D4-8B07-D91C874EF077}.Debug|Any CPU.Deploy.0 = Debug|Any CPU
		{DC8D2396-1ABF-43D4-8B07-D91C874EF077}.Release|Any CPU.ActiveCfg = Release|Any CPU
		{DC8D2396-1ABF-43D4-8B07-D91C874EF077}.Release|Any CPU.Build.0 = Release|Any CPU
		{DC8D2396-1ABF-43D4-8B07-D91C874EF077}.Release|Any CPU.Deploy.0 = Release|Any CPU
	EndGlobalSection
	GlobalSection(SolutionProperties) = preSolution
		HideSolutionNode = FALSE
	EndGlobalSection
	GlobalSection(ExtensibilityGlobals) = postSolution
		SolutionGuid = {B92F9154-2878-4CBF-9F7E-14002A9F8704}
	EndGlobalSection
EndGlobal
